
Microsoft Visual Studio Solution File, Format Version 12.00
# Visual Studio Version 17
VisualStudioVersion = 17.12.35707.178
MinimumVisualStudioVersion = 10.0.40219.1
Project("{2150E333-8FDC-42A3-9474-1A3956D46DE8}") = "src", "src", "{CEBB500B-FFF7-4802-8912-4CBBB84C3EFB}"
EndProject
Project("{2150E333-8FDC-42A3-9474-1A3956D46DE8}") = "tests", "tests", "{A10ECE09-CBDE-4B79-AE4A-39C9646C1F73}"
EndProject
Project("{FAE04EC0-301F-11D3-BF4B-00C04F79EFBC}") = "GymMS.Api", "src\GymMS.Api\GymMS.Api.csproj", "{03B5ACD7-DC02-4B9B-B41B-90DA1D10366E}"
EndProject
Project("{2150E333-8FDC-42A3-9474-1A3956D46DE8}") = "Modules", "Modules", "{D8A5900F-D793-4468-A7FE-F2F9579E45C2}"
EndProject
Project("{2150E333-8FDC-42A3-9474-1A3956D46DE8}") = "Membership", "Membership", "{A4EC0AF8-D690-461F-8E9B-684863AE16BE}"
EndProject
Project("{2150E333-8FDC-42A3-9474-1A3956D46DE8}") = "WorkoutCatalog", "WorkoutCatalog", "{8AFF83AF-0B8C-43C6-A71F-579FF9EC5400}"
EndProject
Project("{2150E333-8FDC-42A3-9474-1A3956D46DE8}") = "Staff", "Staff", "{5200F86E-B359-4502-A1A6-49858EC3FA0C}"
EndProject
Project("{FAE04EC0-301F-11D3-BF4B-00C04F79EFBC}") = "Membership.Contracts", "src\Modules\Membership\Membership.Contracts\Membership.Contracts.csproj", "{B01534C3-9335-420B-9BE5-31AC91FDCF0E}"
EndProject
Project("{FAE04EC0-301F-11D3-BF4B-00C04F79EFBC}") = "Membership", "src\Modules\Membership\Membership\Membership\Membership.csproj", "{F1AC0F70-3C6D-439E-BB72-B46D99A5DCB5}"
EndProject
Project("{FAE04EC0-301F-11D3-BF4B-00C04F79EFBC}") = "Membership.Tests", "src\Modules\Membership\Membership.Tests\Membership.Tests.csproj", "{B23CEBBB-E690-4144-AA9D-DB730AF10D93}"
EndProject
Project("{FAE04EC0-301F-11D3-BF4B-00C04F79EFBC}") = "WorkoutCatalog", "src\Modules\WorkoutCatalog\WorkoutCalalog\WorkoutCatalog.csproj", "{E8BB7379-76E1-450E-A80B-4E46C08D9521}"
EndProject
Project("{FAE04EC0-301F-11D3-BF4B-00C04F79EFBC}") = "WorkoutCatalog.Contracts", "src\Modules\WorkoutCatalog\WorkoutCatalog.Contracts\WorkoutCatalog.Contracts.csproj", "{241BDD3F-20DB-45D1-8A16-69B795E0A7AA}"
EndProject
Project("{FAE04EC0-301F-11D3-BF4B-00C04F79EFBC}") = "WorkoutCatalog.Tests", "src\Modules\WorkoutCatalog\WorkoutCatalog.Tests\WorkoutCatalog.Tests.csproj", "{62B45A33-679F-4D13-A673-5F21E7E1E8AA}"
EndProject
Project("{2150E333-8FDC-42A3-9474-1A3956D46DE8}") = "Shared", "Shared", "{7462F912-AD4F-4BDF-B3E2-F0AD87E35261}"
EndProject
Project("{FAE04EC0-301F-11D3-BF4B-00C04F79EFBC}") = "Shared", "src\Shared\Shared\Shared.csproj", "{20B7ECD3-2372-4A8F-AB77-5D104EE9D7D4}"
EndProject
Project("{FAE04EC0-301F-11D3-BF4B-00C04F79EFBC}") = "StaffManagement", "src\Modules\Staff\StaffManagement\StaffManagement.csproj", "{B5DCA21F-1CF7-4592-9E11-E5047BD1A277}"
EndProject
Project("{FAE04EC0-301F-11D3-BF4B-00C04F79EFBC}") = "StaffManagement.Contracts", "src\Modules\Staff\StaffManagement.Contracts\StaffManagement.Contracts.csproj", "{B51CF85A-985C-42E9-8F75-290F6FC61388}"
EndProject
Project("{FAE04EC0-301F-11D3-BF4B-00C04F79EFBC}") = "StaffManagement.Tests", "src\Modules\Staff\StaffManagement.Tests\StaffManagement.Tests.csproj", "{41E4E114-A002-47A0-91EC-CDC2CA8A3222}"
EndProject
Project("{FAE04EC0-301F-11D3-BF4B-00C04F79EFBC}") = "Shared.Tests", "src\Shared\Shared.Tests\Shared.Tests.csproj", "{9FAB6120-91F6-482A-A1B4-D2D85873C781}"
EndProject
Global
	GlobalSection(SolutionConfigurationPlatforms) = preSolution
		Debug|Any CPU = Debug|Any CPU
		Release|Any CPU = Release|Any CPU
	EndGlobalSection
	GlobalSection(ProjectConfigurationPlatforms) = postSolution
		{03B5ACD7-DC02-4B9B-B41B-90DA1D10366E}.Debug|Any CPU.ActiveCfg = Debug|Any CPU
		{03B5ACD7-DC02-4B9B-B41B-90DA1D10366E}.Debug|Any CPU.Build.0 = Debug|Any CPU
		{03B5ACD7-DC02-4B9B-B41B-90DA1D10366E}.Release|Any CPU.ActiveCfg = Release|Any CPU
		{03B5ACD7-DC02-4B9B-B41B-90DA1D10366E}.Release|Any CPU.Build.0 = Release|Any CPU
		{B01534C3-9335-420B-9BE5-31AC91FDCF0E}.Debug|Any CPU.ActiveCfg = Debug|Any CPU
		{B01534C3-9335-420B-9BE5-31AC91FDCF0E}.Debug|Any CPU.Build.0 = Debug|Any CPU
		{B01534C3-9335-420B-9BE5-31AC91FDCF0E}.Release|Any CPU.ActiveCfg = Release|Any CPU
		{B01534C3-9335-420B-9BE5-31AC91FDCF0E}.Release|Any CPU.Build.0 = Release|Any CPU
		{F1AC0F70-3C6D-439E-BB72-B46D99A5DCB5}.Debug|Any CPU.ActiveCfg = Debug|Any CPU
		{F1AC0F70-3C6D-439E-BB72-B46D99A5DCB5}.Debug|Any CPU.Build.0 = Debug|Any CPU
		{F1AC0F70-3C6D-439E-BB72-B46D99A5DCB5}.Release|Any CPU.ActiveCfg = Release|Any CPU
		{F1AC0F70-3C6D-439E-BB72-B46D99A5DCB5}.Release|Any CPU.Build.0 = Release|Any CPU
		{B23CEBBB-E690-4144-AA9D-DB730AF10D93}.Debug|Any CPU.ActiveCfg = Debug|Any CPU
		{B23CEBBB-E690-4144-AA9D-DB730AF10D93}.Debug|Any CPU.Build.0 = Debug|Any CPU
		{B23CEBBB-E690-4144-AA9D-DB730AF10D93}.Release|Any CPU.ActiveCfg = Release|Any CPU
		{B23CEBBB-E690-4144-AA9D-DB730AF10D93}.Release|Any CPU.Build.0 = Release|Any CPU
		{E8BB7379-76E1-450E-A80B-4E46C08D9521}.Debug|Any CPU.ActiveCfg = Debug|Any CPU
		{E8BB7379-76E1-450E-A80B-4E46C08D9521}.Debug|Any CPU.Build.0 = Debug|Any CPU
		{E8BB7379-76E1-450E-A80B-4E46C08D9521}.Release|Any CPU.ActiveCfg = Release|Any CPU
		{E8BB7379-76E1-450E-A80B-4E46C08D9521}.Release|Any CPU.Build.0 = Release|Any CPU
		{241BDD3F-20DB-45D1-8A16-69B795E0A7AA}.Debug|Any CPU.ActiveCfg = Debug|Any CPU
		{241BDD3F-20DB-45D1-8A16-69B795E0A7AA}.Debug|Any CPU.Build.0 = Debug|Any CPU
		{241BDD3F-20DB-45D1-8A16-69B795E0A7AA}.Release|Any CPU.ActiveCfg = Release|Any CPU
		{241BDD3F-20DB-45D1-8A16-69B795E0A7AA}.Release|Any CPU.Build.0 = Release|Any CPU
		{62B45A33-679F-4D13-A673-5F21E7E1E8AA}.Debug|Any CPU.ActiveCfg = Debug|Any CPU
		{62B45A33-679F-4D13-A673-5F21E7E1E8AA}.Debug|Any CPU.Build.0 = Debug|Any CPU
		{62B45A33-679F-4D13-A673-5F21E7E1E8AA}.Release|Any CPU.ActiveCfg = Release|Any CPU
		{62B45A33-679F-4D13-A673-5F21E7E1E8AA}.Release|Any CPU.Build.0 = Release|Any CPU
		{20B7ECD3-2372-4A8F-AB77-5D104EE9D7D4}.Debug|Any CPU.ActiveCfg = Debug|Any CPU
		{20B7ECD3-2372-4A8F-AB77-5D104EE9D7D4}.Debug|Any CPU.Build.0 = Debug|Any CPU
		{20B7ECD3-2372-4A8F-AB77-5D104EE9D7D4}.Release|Any CPU.ActiveCfg = Release|Any CPU
		{20B7ECD3-2372-4A8F-AB77-5D104EE9D7D4}.Release|Any CPU.Build.0 = Release|Any CPU
		{B5DCA21F-1CF7-4592-9E11-E5047BD1A277}.Debug|Any CPU.ActiveCfg = Debug|Any CPU
		{B5DCA21F-1CF7-4592-9E11-E5047BD1A277}.Debug|Any CPU.Build.0 = Debug|Any CPU
		{B5DCA21F-1CF7-4592-9E11-E5047BD1A277}.Release|Any CPU.ActiveCfg = Release|Any CPU
		{B5DCA21F-1CF7-4592-9E11-E5047BD1A277}.Release|Any CPU.Build.0 = Release|Any CPU
		{B51CF85A-985C-42E9-8F75-290F6FC61388}.Debug|Any CPU.ActiveCfg = Debug|Any CPU
		{B51CF85A-985C-42E9-8F75-290F6FC61388}.Debug|Any CPU.Build.0 = Debug|Any CPU
		{B51CF85A-985C-42E9-8F75-290F6FC61388}.Release|Any CPU.ActiveCfg = Release|Any CPU
		{B51CF85A-985C-42E9-8F75-290F6FC61388}.Release|Any CPU.Build.0 = Release|Any CPU
		{41E4E114-A002-47A0-91EC-CDC2CA8A3222}.Debug|Any CPU.ActiveCfg = Debug|Any CPU
		{41E4E114-A002-47A0-91EC-CDC2CA8A3222}.Debug|Any CPU.Build.0 = Debug|Any CPU
		{41E4E114-A002-47A0-91EC-CDC2CA8A3222}.Release|Any CPU.ActiveCfg = Release|Any CPU
		{41E4E114-A002-47A0-91EC-CDC2CA8A3222}.Release|Any CPU.Build.0 = Release|Any CPU
		{9FAB6120-91F6-482A-A1B4-D2D85873C781}.Debug|Any CPU.ActiveCfg = Debug|Any CPU
		{9FAB6120-91F6-482A-A1B4-D2D85873C781}.Debug|Any CPU.Build.0 = Debug|Any CPU
		{9FAB6120-91F6-482A-A1B4-D2D85873C781}.Release|Any CPU.ActiveCfg = Release|Any CPU
		{9FAB6120-91F6-482A-A1B4-D2D85873C781}.Release|Any CPU.Build.0 = Release|Any CPU
	EndGlobalSection
	GlobalSection(SolutionProperties) = preSolution
		HideSolutionNode = FALSE
	EndGlobalSection
	GlobalSection(NestedProjects) = preSolution
		{03B5ACD7-DC02-4B9B-B41B-90DA1D10366E} = {CEBB500B-FFF7-4802-8912-4CBBB84C3EFB}
		{D8A5900F-D793-4468-A7FE-F2F9579E45C2} = {CEBB500B-FFF7-4802-8912-4CBBB84C3EFB}
		{A4EC0AF8-D690-461F-8E9B-684863AE16BE} = {D8A5900F-D793-4468-A7FE-F2F9579E45C2}
		{8AFF83AF-0B8C-43C6-A71F-579FF9EC5400} = {D8A5900F-D793-4468-A7FE-F2F9579E45C2}
		{5200F86E-B359-4502-A1A6-49858EC3FA0C} = {D8A5900F-D793-4468-A7FE-F2F9579E45C2}
		{B01534C3-9335-420B-9BE5-31AC91FDCF0E} = {A4EC0AF8-D690-461F-8E9B-684863AE16BE}
		{F1AC0F70-3C6D-439E-BB72-B46D99A5DCB5} = {A4EC0AF8-D690-461F-8E9B-684863AE16BE}
		{B23CEBBB-E690-4144-AA9D-DB730AF10D93} = {A4EC0AF8-D690-461F-8E9B-684863AE16BE}
		{E8BB7379-76E1-450E-A80B-4E46C08D9521} = {8AFF83AF-0B8C-43C6-A71F-579FF9EC5400}
		{241BDD3F-20DB-45D1-8A16-69B795E0A7AA} = {8AFF83AF-0B8C-43C6-A71F-579FF9EC5400}
		{62B45A33-679F-4D13-A673-5F21E7E1E8AA} = {8AFF83AF-0B8C-43C6-A71F-579FF9EC5400}
		{7462F912-AD4F-4BDF-B3E2-F0AD87E35261} = {CEBB500B-FFF7-4802-8912-4CBBB84C3EFB}
		{20B7ECD3-2372-4A8F-AB77-5D104EE9D7D4} = {7462F912-AD4F-4BDF-B3E2-F0AD87E35261}
		{B5DCA21F-1CF7-4592-9E11-E5047BD1A277} = {5200F86E-B359-4502-A1A6-49858EC3FA0C}
		{B51CF85A-985C-42E9-8F75-290F6FC61388} = {5200F86E-B359-4502-A1A6-49858EC3FA0C}
		{41E4E114-A002-47A0-91EC-CDC2CA8A3222} = {5200F86E-B359-4502-A1A6-49858EC3FA0C}
		{9FAB6120-91F6-482A-A1B4-D2D85873C781} = {7462F912-AD4F-4BDF-B3E2-F0AD87E35261}
	EndGlobalSection
EndGlobal
